
Microsoft Visual Studio Solution File, Format Version 12.00
# Visual Studio Version 17
VisualStudioVersion = 17.8.34330.188
MinimumVisualStudioVersion = 10.0.40219.1
Project("{FAE04EC0-301F-11D3-BF4B-00C04F79EFBC}") = "Lab 2 Number Analyzer", "Lab 2 Number Analyzer\Lab 2 Number Analyzer.csproj", "{49D12673-55AC-4BD4-BF59-201AC5007E5B}"
EndProject
Global
	GlobalSection(SolutionConfigurationPlatforms) = preSolution
		Debug|Any CPU = Debug|Any CPU
		Release|Any CPU = Release|Any CPU
	EndGlobalSection
	GlobalSection(ProjectConfigurationPlatforms) = postSolution
		{49D12673-55AC-4BD4-BF59-201AC5007E5B}.Debug|Any CPU.ActiveCfg = Debug|Any CPU
		{49D12673-55AC-4BD4-BF59-201AC5007E5B}.Debug|Any CPU.Build.0 = Debug|Any CPU
		{49D12673-55AC-4BD4-BF59-201AC5007E5B}.Release|Any CPU.ActiveCfg = Release|Any CPU
		{49D12673-55AC-4BD4-BF59-201AC5007E5B}.Release|Any CPU.Build.0 = Release|Any CPU
	EndGlobalSection
	GlobalSection(SolutionProperties) = preSolution
		HideSolutionNode = FALSE
	EndGlobalSection
	GlobalSection(ExtensibilityGlobals) = postSolution
		SolutionGuid = {C3BCF69A-7A5B-4027-97A6-C08ABC3EA980}
	EndGlobalSection
EndGlobal
